
Microsoft Visual Studio Solution File, Format Version 12.00
# Visual Studio Version 17
VisualStudioVersion = 17.1.32421.90
MinimumVisualStudioVersion = 10.0.40219.1
Project("{FAE04EC0-301F-11D3-BF4B-00C04F79EFBC}") = "ConsoleApp1Garage - Övn 5", "ConsoleApp1Garage - Övn 5\ConsoleApp1Garage - Övn 5.csproj", "{9ADA7E0A-27E2-4AF1-A111-CC2DDE960B57}"
EndProject
Project("{FAE04EC0-301F-11D3-BF4B-00C04F79EFBC}") = "ConsoleApp1Garage - Övn 5.Test", "ConsoleApp1Garage - Övn 5.Test\ConsoleApp1Garage - Övn 5.Test.csproj", "{54E4049A-46B3-4863-AE6D-98F291F940FD}"
EndProject
Global
	GlobalSection(SolutionConfigurationPlatforms) = preSolution
		Debug|Any CPU = Debug|Any CPU
		Release|Any CPU = Release|Any CPU
	EndGlobalSection
	GlobalSection(ProjectConfigurationPlatforms) = postSolution
		{9ADA7E0A-27E2-4AF1-A111-CC2DDE960B57}.Debug|Any CPU.ActiveCfg = Debug|Any CPU
		{9ADA7E0A-27E2-4AF1-A111-CC2DDE960B57}.Debug|Any CPU.Build.0 = Debug|Any CPU
		{9ADA7E0A-27E2-4AF1-A111-CC2DDE960B57}.Release|Any CPU.ActiveCfg = Release|Any CPU
		{9ADA7E0A-27E2-4AF1-A111-CC2DDE960B57}.Release|Any CPU.Build.0 = Release|Any CPU
		{54E4049A-46B3-4863-AE6D-98F291F940FD}.Debug|Any CPU.ActiveCfg = Debug|Any CPU
		{54E4049A-46B3-4863-AE6D-98F291F940FD}.Debug|Any CPU.Build.0 = Debug|Any CPU
		{54E4049A-46B3-4863-AE6D-98F291F940FD}.Release|Any CPU.ActiveCfg = Release|Any CPU
		{54E4049A-46B3-4863-AE6D-98F291F940FD}.Release|Any CPU.Build.0 = Release|Any CPU
	EndGlobalSection
	GlobalSection(SolutionProperties) = preSolution
		HideSolutionNode = FALSE
	EndGlobalSection
	GlobalSection(ExtensibilityGlobals) = postSolution
		SolutionGuid = {F748C984-649F-4E9F-B3DB-9826003E131A}
	EndGlobalSection
EndGlobal
